// !$*UTF8*$!
{
	archiveVersion = 1;
	classes = {
	};
	objectVersion = 51;
	objects = {

/* Begin PBXBuildFile section */
		0F8204D770A33FDC4F095A9A /* Pods_FBDownloader.framework in Frameworks */ = {isa = PBXBuildFile; fileRef = 5AC348EA97EF8C78AB2F8274 /* Pods_FBDownloader.framework */; };
		20439A504DDDF3D322EA6D87 /* Pods_FBDownloaderTests.framework in Frameworks */ = {isa = PBXBuildFile; fileRef = A73186ADC2666F619248A95C /* Pods_FBDownloaderTests.framework */; };
		434CE116226430FD00A84AF4 /* AppDelegate.swift in Sources */ = {isa = PBXBuildFile; fileRef = 434CE115226430FD00A84AF4 /* AppDelegate.swift */; };
		434CE118226430FD00A84AF4 /* ViewController.swift in Sources */ = {isa = PBXBuildFile; fileRef = 434CE117226430FD00A84AF4 /* ViewController.swift */; };
		434CE11B226430FD00A84AF4 /* Main.storyboard in Resources */ = {isa = PBXBuildFile; fileRef = 434CE119226430FD00A84AF4 /* Main.storyboard */; };
		434CE11D226430FE00A84AF4 /* Assets.xcassets in Resources */ = {isa = PBXBuildFile; fileRef = 434CE11C226430FE00A84AF4 /* Assets.xcassets */; };
		434CE120226430FE00A84AF4 /* LaunchScreen.storyboard in Resources */ = {isa = PBXBuildFile; fileRef = 434CE11E226430FE00A84AF4 /* LaunchScreen.storyboard */; };
		434CE12B226430FE00A84AF4 /* FBDownloaderTests.swift in Sources */ = {isa = PBXBuildFile; fileRef = 434CE12A226430FE00A84AF4 /* FBDownloaderTests.swift */; };
		434CE136226430FE00A84AF4 /* FBDownloaderUITests.swift in Sources */ = {isa = PBXBuildFile; fileRef = 434CE135226430FE00A84AF4 /* FBDownloaderUITests.swift */; };
		434EE174227D558300406EF1 /* TableViewCell.swift in Sources */ = {isa = PBXBuildFile; fileRef = 434EE173227D558300406EF1 /* TableViewCell.swift */; };
		43887D202271EDCF0066FA81 /* Video.swift in Sources */ = {isa = PBXBuildFile; fileRef = 43887D1F2271EDCF0066FA81 /* Video.swift */; };
		43BFCAA52276F841005F3A69 /* TableTableViewController.swift in Sources */ = {isa = PBXBuildFile; fileRef = 43BFCAA42276F841005F3A69 /* TableTableViewController.swift */; };
		FB31CBD512A5660162E39DF3 /* Pods_FBDownloaderUITests.framework in Frameworks */ = {isa = PBXBuildFile; fileRef = ABB1F678B0E0357B2BAB139F /* Pods_FBDownloaderUITests.framework */; };
/* End PBXBuildFile section */

/* Begin PBXContainerItemProxy section */
		434CE127226430FE00A84AF4 /* PBXContainerItemProxy */ = {
			isa = PBXContainerItemProxy;
			containerPortal = 434CE10A226430FD00A84AF4 /* Project object */;
			proxyType = 1;
			remoteGlobalIDString = 434CE111226430FD00A84AF4;
			remoteInfo = FBDownloader;
		};
		434CE132226430FE00A84AF4 /* PBXContainerItemProxy */ = {
			isa = PBXContainerItemProxy;
			containerPortal = 434CE10A226430FD00A84AF4 /* Project object */;
			proxyType = 1;
			remoteGlobalIDString = 434CE111226430FD00A84AF4;
			remoteInfo = FBDownloader;
		};
/* End PBXContainerItemProxy section */

/* Begin PBXFileReference section */
		434CE112226430FD00A84AF4 /* FBDownloader.app */ = {isa = PBXFileReference; explicitFileType = wrapper.application; includeInIndex = 0; path = FBDownloader.app; sourceTree = BUILT_PRODUCTS_DIR; };
		434CE115226430FD00A84AF4 /* AppDelegate.swift */ = {isa = PBXFileReference; lastKnownFileType = sourcecode.swift; path = AppDelegate.swift; sourceTree = "<group>"; };
		434CE117226430FD00A84AF4 /* ViewController.swift */ = {isa = PBXFileReference; lastKnownFileType = sourcecode.swift; path = ViewController.swift; sourceTree = "<group>"; };
		434CE11A226430FD00A84AF4 /* Base */ = {isa = PBXFileReference; lastKnownFileType = file.storyboard; name = Base; path = Base.lproj/Main.storyboard; sourceTree = "<group>"; };
		434CE11C226430FE00A84AF4 /* Assets.xcassets */ = {isa = PBXFileReference; lastKnownFileType = folder.assetcatalog; path = Assets.xcassets; sourceTree = "<group>"; };
		434CE11F226430FE00A84AF4 /* Base */ = {isa = PBXFileReference; lastKnownFileType = file.storyboard; name = Base; path = Base.lproj/LaunchScreen.storyboard; sourceTree = "<group>"; };
		434CE121226430FE00A84AF4 /* Info.plist */ = {isa = PBXFileReference; lastKnownFileType = text.plist.xml; path = Info.plist; sourceTree = "<group>"; };
		434CE126226430FE00A84AF4 /* FBDownloaderTests.xctest */ = {isa = PBXFileReference; explicitFileType = wrapper.cfbundle; includeInIndex = 0; path = FBDownloaderTests.xctest; sourceTree = BUILT_PRODUCTS_DIR; };
		434CE12A226430FE00A84AF4 /* FBDownloaderTests.swift */ = {isa = PBXFileReference; lastKnownFileType = sourcecode.swift; path = FBDownloaderTests.swift; sourceTree = "<group>"; };
		434CE12C226430FE00A84AF4 /* Info.plist */ = {isa = PBXFileReference; lastKnownFileType = text.plist.xml; path = Info.plist; sourceTree = "<group>"; };
		434CE131226430FE00A84AF4 /* FBDownloaderUITests.xctest */ = {isa = PBXFileReference; explicitFileType = wrapper.cfbundle; includeInIndex = 0; path = FBDownloaderUITests.xctest; sourceTree = BUILT_PRODUCTS_DIR; };
		434CE135226430FE00A84AF4 /* FBDownloaderUITests.swift */ = {isa = PBXFileReference; lastKnownFileType = sourcecode.swift; path = FBDownloaderUITests.swift; sourceTree = "<group>"; };
		434CE137226430FE00A84AF4 /* Info.plist */ = {isa = PBXFileReference; lastKnownFileType = text.plist.xml; path = Info.plist; sourceTree = "<group>"; };
		434EE173227D558300406EF1 /* TableViewCell.swift */ = {isa = PBXFileReference; lastKnownFileType = sourcecode.swift; path = TableViewCell.swift; sourceTree = "<group>"; };
		43887D1F2271EDCF0066FA81 /* Video.swift */ = {isa = PBXFileReference; lastKnownFileType = sourcecode.swift; path = Video.swift; sourceTree = "<group>"; };
		43BFCAA42276F841005F3A69 /* TableTableViewController.swift */ = {isa = PBXFileReference; lastKnownFileType = sourcecode.swift; path = TableTableViewController.swift; sourceTree = "<group>"; };
		4EE03225B046F08E56740423 /* Pods-FBDownloaderTests.release.xcconfig */ = {isa = PBXFileReference; includeInIndex = 1; lastKnownFileType = text.xcconfig; name = "Pods-FBDownloaderTests.release.xcconfig"; path = "Pods/Target Support Files/Pods-FBDownloaderTests/Pods-FBDownloaderTests.release.xcconfig"; sourceTree = "<group>"; };
		5AC348EA97EF8C78AB2F8274 /* Pods_FBDownloader.framework */ = {isa = PBXFileReference; explicitFileType = wrapper.framework; includeInIndex = 0; path = Pods_FBDownloader.framework; sourceTree = BUILT_PRODUCTS_DIR; };
		A4120DACF0D1514B0473FAE7 /* Pods-FBDownloader.debug.xcconfig */ = {isa = PBXFileReference; includeInIndex = 1; lastKnownFileType = text.xcconfig; name = "Pods-FBDownloader.debug.xcconfig"; path = "Pods/Target Support Files/Pods-FBDownloader/Pods-FBDownloader.debug.xcconfig"; sourceTree = "<group>"; };
		A73186ADC2666F619248A95C /* Pods_FBDownloaderTests.framework */ = {isa = PBXFileReference; explicitFileType = wrapper.framework; includeInIndex = 0; path = Pods_FBDownloaderTests.framework; sourceTree = BUILT_PRODUCTS_DIR; };
		ABB1F678B0E0357B2BAB139F /* Pods_FBDownloaderUITests.framework */ = {isa = PBXFileReference; explicitFileType = wrapper.framework; includeInIndex = 0; path = Pods_FBDownloaderUITests.framework; sourceTree = BUILT_PRODUCTS_DIR; };
		C74578B94830AF9C40C1A644 /* Pods-FBDownloaderTests.debug.xcconfig */ = {isa = PBXFileReference; includeInIndex = 1; lastKnownFileType = text.xcconfig; name = "Pods-FBDownloaderTests.debug.xcconfig"; path = "Pods/Target Support Files/Pods-FBDownloaderTests/Pods-FBDownloaderTests.debug.xcconfig"; sourceTree = "<group>"; };
		E2009FA8E0B13BC7D44B61F8 /* Pods-FBDownloaderUITests.release.xcconfig */ = {isa = PBXFileReference; includeInIndex = 1; lastKnownFileType = text.xcconfig; name = "Pods-FBDownloaderUITests.release.xcconfig"; path = "Pods/Target Support Files/Pods-FBDownloaderUITests/Pods-FBDownloaderUITests.release.xcconfig"; sourceTree = "<group>"; };
		E3B9DCFB0C2CC653F0A6D947 /* Pods-FBDownloader.release.xcconfig */ = {isa = PBXFileReference; includeInIndex = 1; lastKnownFileType = text.xcconfig; name = "Pods-FBDownloader.release.xcconfig"; path = "Pods/Target Support Files/Pods-FBDownloader/Pods-FBDownloader.release.xcconfig"; sourceTree = "<group>"; };
		FAAAFDA17D1084C6596652BF /* Pods-FBDownloaderUITests.debug.xcconfig */ = {isa = PBXFileReference; includeInIndex = 1; lastKnownFileType = text.xcconfig; name = "Pods-FBDownloaderUITests.debug.xcconfig"; path = "Pods/Target Support Files/Pods-FBDownloaderUITests/Pods-FBDownloaderUITests.debug.xcconfig"; sourceTree = "<group>"; };
/* End PBXFileReference section */

/* Begin PBXFrameworksBuildPhase section */
		434CE10F226430FD00A84AF4 /* Frameworks */ = {
			isa = PBXFrameworksBuildPhase;
			buildActionMask = 2147483647;
			files = (
				0F8204D770A33FDC4F095A9A /* Pods_FBDownloader.framework in Frameworks */,
			);
			runOnlyForDeploymentPostprocessing = 0;
		};
		434CE123226430FE00A84AF4 /* Frameworks */ = {
			isa = PBXFrameworksBuildPhase;
			buildActionMask = 2147483647;
			files = (
				20439A504DDDF3D322EA6D87 /* Pods_FBDownloaderTests.framework in Frameworks */,
			);
			runOnlyForDeploymentPostprocessing = 0;
		};
		434CE12E226430FE00A84AF4 /* Frameworks */ = {
			isa = PBXFrameworksBuildPhase;
			buildActionMask = 2147483647;
			files = (
				FB31CBD512A5660162E39DF3 /* Pods_FBDownloaderUITests.framework in Frameworks */,
			);
			runOnlyForDeploymentPostprocessing = 0;
		};
/* End PBXFrameworksBuildPhase section */

/* Begin PBXGroup section */
		434CE109226430FD00A84AF4 = {
			isa = PBXGroup;
			children = (
				434CE114226430FD00A84AF4 /* FBDownloader */,
				434CE129226430FE00A84AF4 /* FBDownloaderTests */,
				434CE134226430FE00A84AF4 /* FBDownloaderUITests */,
				434CE113226430FD00A84AF4 /* Products */,
				BE8B2047DD3848DCF8554453 /* Pods */,
				E047FBFB5351D0396104FF1C /* Frameworks */,
			);
			sourceTree = "<group>";
		};
		434CE113226430FD00A84AF4 /* Products */ = {
			isa = PBXGroup;
			children = (
				434CE112226430FD00A84AF4 /* FBDownloader.app */,
				434CE126226430FE00A84AF4 /* FBDownloaderTests.xctest */,
				434CE131226430FE00A84AF4 /* FBDownloaderUITests.xctest */,
			);
			name = Products;
			sourceTree = "<group>";
		};
		434CE114226430FD00A84AF4 /* FBDownloader */ = {
			isa = PBXGroup;
			children = (
				434CE115226430FD00A84AF4 /* AppDelegate.swift */,
				43BFCAA42276F841005F3A69 /* TableTableViewController.swift */,
				434EE173227D558300406EF1 /* TableViewCell.swift */,
				434CE117226430FD00A84AF4 /* ViewController.swift */,
				434CE119226430FD00A84AF4 /* Main.storyboard */,
				43887D1F2271EDCF0066FA81 /* Video.swift */,
				434CE11C226430FE00A84AF4 /* Assets.xcassets */,
				434CE11E226430FE00A84AF4 /* LaunchScreen.storyboard */,
				434CE121226430FE00A84AF4 /* Info.plist */,
			);
			path = FBDownloader;
			sourceTree = "<group>";
		};
		434CE129226430FE00A84AF4 /* FBDownloaderTests */ = {
			isa = PBXGroup;
			children = (
				434CE12A226430FE00A84AF4 /* FBDownloaderTests.swift */,
				434CE12C226430FE00A84AF4 /* Info.plist */,
			);
			path = FBDownloaderTests;
			sourceTree = "<group>";
		};
		434CE134226430FE00A84AF4 /* FBDownloaderUITests */ = {
			isa = PBXGroup;
			children = (
				434CE135226430FE00A84AF4 /* FBDownloaderUITests.swift */,
				434CE137226430FE00A84AF4 /* Info.plist */,
			);
			path = FBDownloaderUITests;
			sourceTree = "<group>";
		};
		BE8B2047DD3848DCF8554453 /* Pods */ = {
			isa = PBXGroup;
			children = (
				A4120DACF0D1514B0473FAE7 /* Pods-FBDownloader.debug.xcconfig */,
				E3B9DCFB0C2CC653F0A6D947 /* Pods-FBDownloader.release.xcconfig */,
				C74578B94830AF9C40C1A644 /* Pods-FBDownloaderTests.debug.xcconfig */,
				4EE03225B046F08E56740423 /* Pods-FBDownloaderTests.release.xcconfig */,
				FAAAFDA17D1084C6596652BF /* Pods-FBDownloaderUITests.debug.xcconfig */,
				E2009FA8E0B13BC7D44B61F8 /* Pods-FBDownloaderUITests.release.xcconfig */,
			);
			name = Pods;
			sourceTree = "<group>";
		};
		E047FBFB5351D0396104FF1C /* Frameworks */ = {
			isa = PBXGroup;
			children = (
				5AC348EA97EF8C78AB2F8274 /* Pods_FBDownloader.framework */,
				A73186ADC2666F619248A95C /* Pods_FBDownloaderTests.framework */,
				ABB1F678B0E0357B2BAB139F /* Pods_FBDownloaderUITests.framework */,
			);
			name = Frameworks;
			sourceTree = "<group>";
		};
/* End PBXGroup section */

/* Begin PBXNativeTarget section */
		434CE111226430FD00A84AF4 /* FBDownloader */ = {
			isa = PBXNativeTarget;
			buildConfigurationList = 434CE13A226430FE00A84AF4 /* Build configuration list for PBXNativeTarget "FBDownloader" */;
			buildPhases = (
				FE68B6CED0C796E7568D268D /* [CP] Check Pods Manifest.lock */,
				434CE10E226430FD00A84AF4 /* Sources */,
				434CE10F226430FD00A84AF4 /* Frameworks */,
				434CE110226430FD00A84AF4 /* Resources */,
				1BB64571382F746EE484877F /* [CP] Embed Pods Frameworks */,
			);
			buildRules = (
			);
			dependencies = (
			);
			name = FBDownloader;
			productName = FBDownloader;
			productReference = 434CE112226430FD00A84AF4 /* FBDownloader.app */;
			productType = "com.apple.product-type.application";
		};
		434CE125226430FE00A84AF4 /* FBDownloaderTests */ = {
			isa = PBXNativeTarget;
			buildConfigurationList = 434CE13D226430FE00A84AF4 /* Build configuration list for PBXNativeTarget "FBDownloaderTests" */;
			buildPhases = (
				D7D080E8C68C791D315D0EB1 /* [CP] Check Pods Manifest.lock */,
				434CE122226430FE00A84AF4 /* Sources */,
				434CE123226430FE00A84AF4 /* Frameworks */,
				434CE124226430FE00A84AF4 /* Resources */,
			);
			buildRules = (
			);
			dependencies = (
				434CE128226430FE00A84AF4 /* PBXTargetDependency */,
			);
			name = FBDownloaderTests;
			productName = FBDownloaderTests;
			productReference = 434CE126226430FE00A84AF4 /* FBDownloaderTests.xctest */;
			productType = "com.apple.product-type.bundle.unit-test";
		};
		434CE130226430FE00A84AF4 /* FBDownloaderUITests */ = {
			isa = PBXNativeTarget;
			buildConfigurationList = 434CE140226430FE00A84AF4 /* Build configuration list for PBXNativeTarget "FBDownloaderUITests" */;
			buildPhases = (
				C81396BE02043206B73CE8A9 /* [CP] Check Pods Manifest.lock */,
				434CE12D226430FE00A84AF4 /* Sources */,
				434CE12E226430FE00A84AF4 /* Frameworks */,
				434CE12F226430FE00A84AF4 /* Resources */,
			);
			buildRules = (
			);
			dependencies = (
				434CE133226430FE00A84AF4 /* PBXTargetDependency */,
			);
			name = FBDownloaderUITests;
			productName = FBDownloaderUITests;
			productReference = 434CE131226430FE00A84AF4 /* FBDownloaderUITests.xctest */;
			productType = "com.apple.product-type.bundle.ui-testing";
		};
/* End PBXNativeTarget section */

/* Begin PBXProject section */
		434CE10A226430FD00A84AF4 /* Project object */ = {
			isa = PBXProject;
			attributes = {
				LastSwiftUpdateCheck = 1020;
				LastUpgradeCheck = 1020;
				ORGANIZATIONNAME = "Kamran Dehghan";
				TargetAttributes = {
					434CE111226430FD00A84AF4 = {
						CreatedOnToolsVersion = 10.2;
					};
					434CE125226430FE00A84AF4 = {
						CreatedOnToolsVersion = 10.2;
						TestTargetID = 434CE111226430FD00A84AF4;
					};
					434CE130226430FE00A84AF4 = {
						CreatedOnToolsVersion = 10.2;
						TestTargetID = 434CE111226430FD00A84AF4;
					};
				};
			};
			buildConfigurationList = 434CE10D226430FD00A84AF4 /* Build configuration list for PBXProject "FBDownloader" */;
			compatibilityVersion = "Xcode 9.3";
			developmentRegion = en;
			hasScannedForEncodings = 0;
			knownRegions = (
				en,
				Base,
			);
			mainGroup = 434CE109226430FD00A84AF4;
			productRefGroup = 434CE113226430FD00A84AF4 /* Products */;
			projectDirPath = "";
			projectRoot = "";
			targets = (
				434CE111226430FD00A84AF4 /* FBDownloader */,
				434CE125226430FE00A84AF4 /* FBDownloaderTests */,
				434CE130226430FE00A84AF4 /* FBDownloaderUITests */,
			);
		};
/* End PBXProject section */

/* Begin PBXResourcesBuildPhase section */
		434CE110226430FD00A84AF4 /* Resources */ = {
			isa = PBXResourcesBuildPhase;
			buildActionMask = 2147483647;
			files = (
				434CE120226430FE00A84AF4 /* LaunchScreen.storyboard in Resources */,
				434CE11D226430FE00A84AF4 /* Assets.xcassets in Resources */,
				434CE11B226430FD00A84AF4 /* Main.storyboard in Resources */,
			);
			runOnlyForDeploymentPostprocessing = 0;
		};
		434CE124226430FE00A84AF4 /* Resources */ = {
			isa = PBXResourcesBuildPhase;
			buildActionMask = 2147483647;
			files = (
			);
			runOnlyForDeploymentPostprocessing = 0;
		};
		434CE12F226430FE00A84AF4 /* Resources */ = {
			isa = PBXResourcesBuildPhase;
			buildActionMask = 2147483647;
			files = (
			);
			runOnlyForDeploymentPostprocessing = 0;
		};
/* End PBXResourcesBuildPhase section */

/* Begin PBXShellScriptBuildPhase section */
		1BB64571382F746EE484877F /* [CP] Embed Pods Frameworks */ = {
			isa = PBXShellScriptBuildPhase;
			buildActionMask = 2147483647;
			files = (
			);
			inputFileListPaths = (
				"${PODS_ROOT}/Target Support Files/Pods-FBDownloader/Pods-FBDownloader-frameworks-${CONFIGURATION}-input-files.xcfilelist",
			);
			name = "[CP] Embed Pods Frameworks";
			outputFileListPaths = (
				"${PODS_ROOT}/Target Support Files/Pods-FBDownloader/Pods-FBDownloader-frameworks-${CONFIGURATION}-output-files.xcfilelist",
			);
			runOnlyForDeploymentPostprocessing = 0;
			shellPath = /bin/sh;
			shellScript = "\"${PODS_ROOT}/Target Support Files/Pods-FBDownloader/Pods-FBDownloader-frameworks.sh\"\n";
			showEnvVarsInLog = 0;
		};
		C81396BE02043206B73CE8A9 /* [CP] Check Pods Manifest.lock */ = {
			isa = PBXShellScriptBuildPhase;
			buildActionMask = 2147483647;
			files = (
			);
			inputFileListPaths = (
			);
			inputPaths = (
				"${PODS_PODFILE_DIR_PATH}/Podfile.lock",
				"${PODS_ROOT}/Manifest.lock",
			);
			name = "[CP] Check Pods Manifest.lock";
			outputFileListPaths = (
			);
			outputPaths = (
				"$(DERIVED_FILE_DIR)/Pods-FBDownloaderUITests-checkManifestLockResult.txt",
			);
			runOnlyForDeploymentPostprocessing = 0;
			shellPath = /bin/sh;
			shellScript = "diff \"${PODS_PODFILE_DIR_PATH}/Podfile.lock\" \"${PODS_ROOT}/Manifest.lock\" > /dev/null\nif [ $? != 0 ] ; then\n    # print error to STDERR\n    echo \"error: The sandbox is not in sync with the Podfile.lock. Run 'pod install' or update your CocoaPods installation.\" >&2\n    exit 1\nfi\n# This output is used by Xcode 'outputs' to avoid re-running this script phase.\necho \"SUCCESS\" > \"${SCRIPT_OUTPUT_FILE_0}\"\n";
			showEnvVarsInLog = 0;
		};
		D7D080E8C68C791D315D0EB1 /* [CP] Check Pods Manifest.lock */ = {
			isa = PBXShellScriptBuildPhase;
			buildActionMask = 2147483647;
			files = (
			);
			inputFileListPaths = (
			);
			inputPaths = (
				"${PODS_PODFILE_DIR_PATH}/Podfile.lock",
				"${PODS_ROOT}/Manifest.lock",
			);
			name = "[CP] Check Pods Manifest.lock";
			outputFileListPaths = (
			);
			outputPaths = (
				"$(DERIVED_FILE_DIR)/Pods-FBDownloaderTests-checkManifestLockResult.txt",
			);
			runOnlyForDeploymentPostprocessing = 0;
			shellPath = /bin/sh;
			shellScript = "diff \"${PODS_PODFILE_DIR_PATH}/Podfile.lock\" \"${PODS_ROOT}/Manifest.lock\" > /dev/null\nif [ $? != 0 ] ; then\n    # print error to STDERR\n    echo \"error: The sandbox is not in sync with the Podfile.lock. Run 'pod install' or update your CocoaPods installation.\" >&2\n    exit 1\nfi\n# This output is used by Xcode 'outputs' to avoid re-running this script phase.\necho \"SUCCESS\" > \"${SCRIPT_OUTPUT_FILE_0}\"\n";
			showEnvVarsInLog = 0;
		};
		FE68B6CED0C796E7568D268D /* [CP] Check Pods Manifest.lock */ = {
			isa = PBXShellScriptBuildPhase;
			buildActionMask = 2147483647;
			files = (
			);
			inputFileListPaths = (
			);
			inputPaths = (
				"${PODS_PODFILE_DIR_PATH}/Podfile.lock",
				"${PODS_ROOT}/Manifest.lock",
			);
			name = "[CP] Check Pods Manifest.lock";
			outputFileListPaths = (
			);
			outputPaths = (
				"$(DERIVED_FILE_DIR)/Pods-FBDownloader-checkManifestLockResult.txt",
			);
			runOnlyForDeploymentPostprocessing = 0;
			shellPath = /bin/sh;
			shellScript = "diff \"${PODS_PODFILE_DIR_PATH}/Podfile.lock\" \"${PODS_ROOT}/Manifest.lock\" > /dev/null\nif [ $? != 0 ] ; then\n    # print error to STDERR\n    echo \"error: The sandbox is not in sync with the Podfile.lock. Run 'pod install' or update your CocoaPods installation.\" >&2\n    exit 1\nfi\n# This output is used by Xcode 'outputs' to avoid re-running this script phase.\necho \"SUCCESS\" > \"${SCRIPT_OUTPUT_FILE_0}\"\n";
			showEnvVarsInLog = 0;
		};
/* End PBXShellScriptBuildPhase section */

/* Begin PBXSourcesBuildPhase section */
		434CE10E226430FD00A84AF4 /* Sources */ = {
			isa = PBXSourcesBuildPhase;
			buildActionMask = 2147483647;
			files = (
				434EE174227D558300406EF1 /* TableViewCell.swift in Sources */,
				43BFCAA52276F841005F3A69 /* TableTableViewController.swift in Sources */,
				434CE118226430FD00A84AF4 /* ViewController.swift in Sources */,
				43887D202271EDCF0066FA81 /* Video.swift in Sources */,
				434CE116226430FD00A84AF4 /* AppDelegate.swift in Sources */,
			);
			runOnlyForDeploymentPostprocessing = 0;
		};
		434CE122226430FE00A84AF4 /* Sources */ = {
			isa = PBXSourcesBuildPhase;
			buildActionMask = 2147483647;
			files = (
				434CE12B226430FE00A84AF4 /* FBDownloaderTests.swift in Sources */,
			);
			runOnlyForDeploymentPostprocessing = 0;
		};
		434CE12D226430FE00A84AF4 /* Sources */ = {
			isa = PBXSourcesBuildPhase;
			buildActionMask = 2147483647;
			files = (
				434CE136226430FE00A84AF4 /* FBDownloaderUITests.swift in Sources */,
			);
			runOnlyForDeploymentPostprocessing = 0;
		};
/* End PBXSourcesBuildPhase section */

/* Begin PBXTargetDependency section */
		434CE128226430FE00A84AF4 /* PBXTargetDependency */ = {
			isa = PBXTargetDependency;
			target = 434CE111226430FD00A84AF4 /* FBDownloader */;
			targetProxy = 434CE127226430FE00A84AF4 /* PBXContainerItemProxy */;
		};
		434CE133226430FE00A84AF4 /* PBXTargetDependency */ = {
			isa = PBXTargetDependency;
			target = 434CE111226430FD00A84AF4 /* FBDownloader */;
			targetProxy = 434CE132226430FE00A84AF4 /* PBXContainerItemProxy */;
		};
/* End PBXTargetDependency section */

/* Begin PBXVariantGroup section */
		434CE119226430FD00A84AF4 /* Main.storyboard */ = {
			isa = PBXVariantGroup;
			children = (
				434CE11A226430FD00A84AF4 /* Base */,
			);
			name = Main.storyboard;
			sourceTree = "<group>";
		};
		434CE11E226430FE00A84AF4 /* LaunchScreen.storyboard */ = {
			isa = PBXVariantGroup;
			children = (
				434CE11F226430FE00A84AF4 /* Base */,
			);
			name = LaunchScreen.storyboard;
			sourceTree = "<group>";
		};
/* End PBXVariantGroup section */

/* Begin XCBuildConfiguration section */
		434CE138226430FE00A84AF4 /* Debug */ = {
			isa = XCBuildConfiguration;
			buildSettings = {
				ALWAYS_SEARCH_USER_PATHS = NO;
				CLANG_ANALYZER_NONNULL = YES;
				CLANG_ANALYZER_NUMBER_OBJECT_CONVERSION = YES_AGGRESSIVE;
				CLANG_CXX_LANGUAGE_STANDARD = "gnu++14";
				CLANG_CXX_LIBRARY = "libc++";
				CLANG_ENABLE_MODULES = YES;
				CLANG_ENABLE_OBJC_ARC = YES;
				CLANG_ENABLE_OBJC_WEAK = YES;
				CLANG_WARN_BLOCK_CAPTURE_AUTORELEASING = YES;
				CLANG_WARN_BOOL_CONVERSION = YES;
				CLANG_WARN_COMMA = YES;
				CLANG_WARN_CONSTANT_CONVERSION = YES;
				CLANG_WARN_DEPRECATED_OBJC_IMPLEMENTATIONS = YES;
				CLANG_WARN_DIRECT_OBJC_ISA_USAGE = YES_ERROR;
				CLANG_WARN_DOCUMENTATION_COMMENTS = YES;
				CLANG_WARN_EMPTY_BODY = YES;
				CLANG_WARN_ENUM_CONVERSION = YES;
				CLANG_WARN_INFINITE_RECURSION = YES;
				CLANG_WARN_INT_CONVERSION = YES;
				CLANG_WARN_NON_LITERAL_NULL_CONVERSION = YES;
				CLANG_WARN_OBJC_IMPLICIT_RETAIN_SELF = YES;
				CLANG_WARN_OBJC_LITERAL_CONVERSION = YES;
				CLANG_WARN_OBJC_ROOT_CLASS = YES_ERROR;
				CLANG_WARN_RANGE_LOOP_ANALYSIS = YES;
				CLANG_WARN_STRICT_PROTOTYPES = YES;
				CLANG_WARN_SUSPICIOUS_MOVE = YES;
				CLANG_WARN_UNGUARDED_AVAILABILITY = YES_AGGRESSIVE;
				CLANG_WARN_UNREACHABLE_CODE = YES;
				CLANG_WARN__DUPLICATE_METHOD_MATCH = YES;
				CODE_SIGN_IDENTITY = "iPhone Developer";
				COPY_PHASE_STRIP = NO;
				DEBUG_INFORMATION_FORMAT = dwarf;
				ENABLE_STRICT_OBJC_MSGSEND = YES;
				ENABLE_TESTABILITY = YES;
				GCC_C_LANGUAGE_STANDARD = gnu11;
				GCC_DYNAMIC_NO_PIC = NO;
				GCC_NO_COMMON_BLOCKS = YES;
				GCC_OPTIMIZATION_LEVEL = 0;
				GCC_PREPROCESSOR_DEFINITIONS = (
					"DEBUG=1",
					"$(inherited)",
				);
				GCC_WARN_64_TO_32_BIT_CONVERSION = YES;
				GCC_WARN_ABOUT_RETURN_TYPE = YES_ERROR;
				GCC_WARN_UNDECLARED_SELECTOR = YES;
				GCC_WARN_UNINITIALIZED_AUTOS = YES_AGGRESSIVE;
				GCC_WARN_UNUSED_FUNCTION = YES;
				GCC_WARN_UNUSED_VARIABLE = YES;
				IPHONEOS_DEPLOYMENT_TARGET = 12.2;
				MTL_ENABLE_DEBUG_INFO = INCLUDE_SOURCE;
				MTL_FAST_MATH = YES;
				ONLY_ACTIVE_ARCH = YES;
				SDKROOT = iphoneos;
				SWIFT_ACTIVE_COMPILATION_CONDITIONS = DEBUG;
				SWIFT_OPTIMIZATION_LEVEL = "-Onone";
			};
			name = Debug;
		};
		434CE139226430FE00A84AF4 /* Release */ = {
			isa = XCBuildConfiguration;
			buildSettings = {
				ALWAYS_SEARCH_USER_PATHS = NO;
				CLANG_ANALYZER_NONNULL = YES;
				CLANG_ANALYZER_NUMBER_OBJECT_CONVERSION = YES_AGGRESSIVE;
				CLANG_CXX_LANGUAGE_STANDARD = "gnu++14";
				CLANG_CXX_LIBRARY = "libc++";
				CLANG_ENABLE_MODULES = YES;
				CLANG_ENABLE_OBJC_ARC = YES;
				CLANG_ENABLE_OBJC_WEAK = YES;
				CLANG_WARN_BLOCK_CAPTURE_AUTORELEASING = YES;
				CLANG_WARN_BOOL_CONVERSION = YES;
				CLANG_WARN_COMMA = YES;
				CLANG_WARN_CONSTANT_CONVERSION = YES;
				CLANG_WARN_DEPRECATED_OBJC_IMPLEMENTATIONS = YES;
				CLANG_WARN_DIRECT_OBJC_ISA_USAGE = YES_ERROR;
				CLANG_WARN_DOCUMENTATION_COMMENTS = YES;
				CLANG_WARN_EMPTY_BODY = YES;
				CLANG_WARN_ENUM_CONVERSION = YES;
				CLANG_WARN_INFINITE_RECURSION = YES;
				CLANG_WARN_INT_CONVERSION = YES;
				CLANG_WARN_NON_LITERAL_NULL_CONVERSION = YES;
				CLANG_WARN_OBJC_IMPLICIT_RETAIN_SELF = YES;
				CLANG_WARN_OBJC_LITERAL_CONVERSION = YES;
				CLANG_WARN_OBJC_ROOT_CLASS = YES_ERROR;
				CLANG_WARN_RANGE_LOOP_ANALYSIS = YES;
				CLANG_WARN_STRICT_PROTOTYPES = YES;
				CLANG_WARN_SUSPICIOUS_MOVE = YES;
				CLANG_WARN_UNGUARDED_AVAILABILITY = YES_AGGRESSIVE;
				CLANG_WARN_UNREACHABLE_CODE = YES;
				CLANG_WARN__DUPLICATE_METHOD_MATCH = YES;
				CODE_SIGN_IDENTITY = "iPhone Developer";
				COPY_PHASE_STRIP = NO;
				DEBUG_INFORMATION_FORMAT = "dwarf-with-dsym";
				ENABLE_NS_ASSERTIONS = NO;
				ENABLE_STRICT_OBJC_MSGSEND = YES;
				GCC_C_LANGUAGE_STANDARD = gnu11;
				GCC_NO_COMMON_BLOCKS = YES;
				GCC_WARN_64_TO_32_BIT_CONVERSION = YES;
				GCC_WARN_ABOUT_RETURN_TYPE = YES_ERROR;
				GCC_WARN_UNDECLARED_SELECTOR = YES;
				GCC_WARN_UNINITIALIZED_AUTOS = YES_AGGRESSIVE;
				GCC_WARN_UNUSED_FUNCTION = YES;
				GCC_WARN_UNUSED_VARIABLE = YES;
				IPHONEOS_DEPLOYMENT_TARGET = 12.2;
				MTL_ENABLE_DEBUG_INFO = NO;
				MTL_FAST_MATH = YES;
				SDKROOT = iphoneos;
				SWIFT_COMPILATION_MODE = wholemodule;
				SWIFT_OPTIMIZATION_LEVEL = "-O";
				VALIDATE_PRODUCT = YES;
			};
			name = Release;
		};
		434CE13B226430FE00A84AF4 /* Debug */ = {
			isa = XCBuildConfiguration;
			baseConfigurationReference = A4120DACF0D1514B0473FAE7 /* Pods-FBDownloader.debug.xcconfig */;
			buildSettings = {
				ASSETCATALOG_COMPILER_APPICON_NAME = AppIcon;
				CODE_SIGN_STYLE = Automatic;
				DEVELOPMENT_TEAM = AN29654GJC;
				INFOPLIST_FILE = FBDownloader/Info.plist;
				LD_RUNPATH_SEARCH_PATHS = (
					"$(inherited)",
					"@executable_path/Frameworks",
				);
				PRODUCT_BUNDLE_IDENTIFIER = com.kmrnpy.FBDownloader;
				PRODUCT_NAME = "$(TARGET_NAME)";
				SWIFT_VERSION = 5.0;
				TARGETED_DEVICE_FAMILY = "1,2";
			};
			name = Debug;
		};
		434CE13C226430FE00A84AF4 /* Release */ = {
			isa = XCBuildConfiguration;
			baseConfigurationReference = E3B9DCFB0C2CC653F0A6D947 /* Pods-FBDownloader.release.xcconfig */;
			buildSettings = {
				ASSETCATALOG_COMPILER_APPICON_NAME = AppIcon;
				CODE_SIGN_STYLE = Automatic;
				DEVELOPMENT_TEAM = AN29654GJC;
				INFOPLIST_FILE = FBDownloader/Info.plist;
				LD_RUNPATH_SEARCH_PATHS = (
					"$(inherited)",
					"@executable_path/Frameworks",
				);
				PRODUCT_BUNDLE_IDENTIFIER = com.kmrnpy.FBDownloader;
				PRODUCT_NAME = "$(TARGET_NAME)";
				SWIFT_VERSION = 5.0;
				TARGETED_DEVICE_FAMILY = "1,2";
			};
			name = Release;
		};
		434CE13E226430FE00A84AF4 /* Debug */ = {
			isa = XCBuildConfiguration;
			baseConfigurationReference = C74578B94830AF9C40C1A644 /* Pods-FBDownloaderTests.debug.xcconfig */;
			buildSettings = {
				ALWAYS_EMBED_SWIFT_STANDARD_LIBRARIES = YES;
				BUNDLE_LOADER = "$(TEST_HOST)";
				CODE_SIGN_STYLE = Automatic;
				DEVELOPMENT_TEAM = AN29654GJC;
				INFOPLIST_FILE = FBDownloaderTests/Info.plist;
				LD_RUNPATH_SEARCH_PATHS = (
					"$(inherited)",
					"@executable_path/Frameworks",
					"@loader_path/Frameworks",
				);
				PRODUCT_BUNDLE_IDENTIFIER = com.kmrnpy.FBDownloaderTests;
				PRODUCT_NAME = "$(TARGET_NAME)";
				SWIFT_VERSION = 5.0;
				TARGETED_DEVICE_FAMILY = "1,2";
				TEST_HOST = "$(BUILT_PRODUCTS_DIR)/FBDownloader.app/FBDownloader";
			};
			name = Debug;
		};
		434CE13F226430FE00A84AF4 /* Release */ = {
			isa = XCBuildConfiguration;
			baseConfigurationReference = 4EE03225B046F08E56740423 /* Pods-FBDownloaderTests.release.xcconfig */;
			buildSettings = {
				ALWAYS_EMBED_SWIFT_STANDARD_LIBRARIES = YES;
				BUNDLE_LOADER = "$(TEST_HOST)";
				CODE_SIGN_STYLE = Automatic;
				DEVELOPMENT_TEAM = AN29654GJC;
				INFOPLIST_FILE = FBDownloaderTests/Info.plist;
				LD_RUNPATH_SEARCH_PATHS = (
					"$(inherited)",
					"@executable_path/Frameworks",
					"@loader_path/Frameworks",
				);
				PRODUCT_BUNDLE_IDENTIFIER = com.kmrnpy.FBDownloaderTests;
				PRODUCT_NAME = "$(TARGET_NAME)";
				SWIFT_VERSION = 5.0;
				TARGETED_DEVICE_FAMILY = "1,2";
				TEST_HOST = "$(BUILT_PRODUCTS_DIR)/FBDownloader.app/FBDownloader";
			};
			name = Release;
		};
		434CE141226430FE00A84AF4 /* Debug */ = {
			isa = XCBuildConfiguration;
			baseConfigurationReference = FAAAFDA17D1084C6596652BF /* Pods-FBDownloaderUITests.debug.xcconfig */;
			buildSettings = {
				ALWAYS_EMBED_SWIFT_STANDARD_LIBRARIES = YES;
				CODE_SIGN_STYLE = Automatic;
				DEVELOPMENT_TEAM = AN29654GJC;
				INFOPLIST_FILE = FBDownloaderUITests/Info.plist;
				LD_RUNPATH_SEARCH_PATHS = (
					"$(inherited)",
					"@executable_path/Frameworks",
					"@loader_path/Frameworks",
				);
				PRODUCT_BUNDLE_IDENTIFIER = com.kmrnpy.FBDownloaderUITests;
				PRODUCT_NAME = "$(TARGET_NAME)";
				SWIFT_VERSION = 5.0;
				TARGETED_DEVICE_FAMILY = "1,2";
				TEST_TARGET_NAME = FBDownloader;
			};
			name = Debug;
		};
		434CE142226430FE00A84AF4 /* Release */ = {
			isa = XCBuildConfiguration;
			baseConfigurationReference = E2009FA8E0B13BC7D44B61F8 /* Pods-FBDownloaderUITests.release.xcconfig */;
			buildSettings = {
				ALWAYS_EMBED_SWIFT_STANDARD_LIBRARIES = YES;
				CODE_SIGN_STYLE = Automatic;
				DEVELOPMENT_TEAM = AN29654GJC;
				INFOPLIST_FILE = FBDownloaderUITests/Info.plist;
				LD_RUNPATH_SEARCH_PATHS = (
					"$(inherited)",
					"@executable_path/Frameworks",
					"@loader_path/Frameworks",
				);
				PRODUCT_BUNDLE_IDENTIFIER = com.kmrnpy.FBDownloaderUITests;
				PRODUCT_NAME = "$(TARGET_NAME)";
				SWIFT_VERSION = 5.0;
				TARGETED_DEVICE_FAMILY = "1,2";
				TEST_TARGET_NAME = FBDownloader;
			};
			name = Release;
		};
/* End XCBuildConfiguration section */

/* Begin XCConfigurationList section */
		434CE10D226430FD00A84AF4 /* Build configuration list for PBXProject "FBDownloader" */ = {
			isa = XCConfigurationList;
			buildConfigurations = (
				434CE138226430FE00A84AF4 /* Debug */,
				434CE139226430FE00A84AF4 /* Release */,
			);
			defaultConfigurationIsVisible = 0;
			defaultConfigurationName = Release;
		};
		434CE13A226430FE00A84AF4 /* Build configuration list for PBXNativeTarget "FBDownloader" */ = {
			isa = XCConfigurationList;
			buildConfigurations = (
				434CE13B226430FE00A84AF4 /* Debug */,
				434CE13C226430FE00A84AF4 /* Release */,
			);
			defaultConfigurationIsVisible = 0;
			defaultConfigurationName = Release;
		};
		434CE13D226430FE00A84AF4 /* Build configuration list for PBXNativeTarget "FBDownloaderTests" */ = {
			isa = XCConfigurationList;
			buildConfigurations = (
				434CE13E226430FE00A84AF4 /* Debug */,
				434CE13F226430FE00A84AF4 /* Release */,
			);
			defaultConfigurationIsVisible = 0;
			defaultConfigurationName = Release;
		};
		434CE140226430FE00A84AF4 /* Build configuration list for PBXNativeTarget "FBDownloaderUITests" */ = {
			isa = XCConfigurationList;
			buildConfigurations = (
				434CE141226430FE00A84AF4 /* Debug */,
				434CE142226430FE00A84AF4 /* Release */,
			);
			defaultConfigurationIsVisible = 0;
			defaultConfigurationName = Release;
		};
/* End XCConfigurationList section */
	};
	rootObject = 434CE10A226430FD00A84AF4 /* Project object */;
}
